
Microsoft Visual Studio Solution File, Format Version 12.00
# Visual Studio Version 17
VisualStudioVersion = 17.9.34728.123
MinimumVisualStudioVersion = 10.0.40219.1
Project("{FAE04EC0-301F-11D3-BF4B-00C04F79EFBC}") = "DICTIONARY_STRUCTURE", "DICTIONARY_STRUCTURE\DICTIONARY_STRUCTURE.csproj", "{18569088-A052-4137-8618-7BACFF002610}"
EndProject
Global
	GlobalSection(SolutionConfigurationPlatforms) = preSolution
		Debug|Any CPU = Debug|Any CPU
		Release|Any CPU = Release|Any CPU
	EndGlobalSection
	GlobalSection(ProjectConfigurationPlatforms) = postSolution
		{18569088-A052-4137-8618-7BACFF002610}.Debug|Any CPU.ActiveCfg = Debug|Any CPU
		{18569088-A052-4137-8618-7BACFF002610}.Debug|Any CPU.Build.0 = Debug|Any CPU
		{18569088-A052-4137-8618-7BACFF002610}.Release|Any CPU.ActiveCfg = Release|Any CPU
		{18569088-A052-4137-8618-7BACFF002610}.Release|Any CPU.Build.0 = Release|Any CPU
	EndGlobalSection
	GlobalSection(SolutionProperties) = preSolution
		HideSolutionNode = FALSE
	EndGlobalSection
	GlobalSection(ExtensibilityGlobals) = postSolution
		SolutionGuid = {A7BF9289-325D-4DF3-812F-2EFF52EF4A34}
	EndGlobalSection
EndGlobal
